
Microsoft Visual Studio Solution File, Format Version 12.00
# Visual Studio Version 17
VisualStudioVersion = 17.6.33829.357
MinimumVisualStudioVersion = 10.0.40219.1
Project("{9A19103F-16F7-4668-BE54-9A1E7A4F7556}") = "VelsatMobile", "VelsatBackendAPI\VelsatMobile.csproj", "{DCA78492-FC90-4E50-A0AA-1EBE4C02F55D}"
EndProject
Project("{9A19103F-16F7-4668-BE54-9A1E7A4F7556}") = "VelsatMobile.Data", "VelsatBackendAPI.Data\VelsatMobile.Data.csproj", "{7A8E2FD2-A874-426F-98F2-4614C062F2C0}"
EndProject
Project("{9A19103F-16F7-4668-BE54-9A1E7A4F7556}") = "VelsatMobile.Model", "VelsatBackendAPI.Model\VelsatMobile.Model.csproj", "{EF0A2473-48DA-4EA9-BB4A-2435CC9DC841}"
EndProject
Global
	GlobalSection(SolutionConfigurationPlatforms) = preSolution
		Debug|Any CPU = Debug|Any CPU
		Release|Any CPU = Release|Any CPU
	EndGlobalSection
	GlobalSection(ProjectConfigurationPlatforms) = postSolution
		{DCA78492-FC90-4E50-A0AA-1EBE4C02F55D}.Debug|Any CPU.ActiveCfg = Debug|Any CPU
		{DCA78492-FC90-4E50-A0AA-1EBE4C02F55D}.Debug|Any CPU.Build.0 = Debug|Any CPU
		{DCA78492-FC90-4E50-A0AA-1EBE4C02F55D}.Release|Any CPU.ActiveCfg = Release|Any CPU
		{DCA78492-FC90-4E50-A0AA-1EBE4C02F55D}.Release|Any CPU.Build.0 = Release|Any CPU
		{7A8E2FD2-A874-426F-98F2-4614C062F2C0}.Debug|Any CPU.ActiveCfg = Debug|Any CPU
		{7A8E2FD2-A874-426F-98F2-4614C062F2C0}.Debug|Any CPU.Build.0 = Debug|Any CPU
		{7A8E2FD2-A874-426F-98F2-4614C062F2C0}.Release|Any CPU.ActiveCfg = Release|Any CPU
		{7A8E2FD2-A874-426F-98F2-4614C062F2C0}.Release|Any CPU.Build.0 = Release|Any CPU
		{EF0A2473-48DA-4EA9-BB4A-2435CC9DC841}.Debug|Any CPU.ActiveCfg = Debug|Any CPU
		{EF0A2473-48DA-4EA9-BB4A-2435CC9DC841}.Debug|Any CPU.Build.0 = Debug|Any CPU
		{EF0A2473-48DA-4EA9-BB4A-2435CC9DC841}.Release|Any CPU.ActiveCfg = Release|Any CPU
		{EF0A2473-48DA-4EA9-BB4A-2435CC9DC841}.Release|Any CPU.Build.0 = Release|Any CPU
	EndGlobalSection
	GlobalSection(SolutionProperties) = preSolution
		HideSolutionNode = FALSE
	EndGlobalSection
	GlobalSection(ExtensibilityGlobals) = postSolution
		SolutionGuid = {6AE39FFE-FECF-4811-B4F9-E9DC11D7AE2E}
	EndGlobalSection
EndGlobal
